
Microsoft Visual Studio Solution File, Format Version 12.00
# Visual Studio Version 16
VisualStudioVersion = 16.0.31129.286
MinimumVisualStudioVersion = 10.0.40219.1
Project("{9A19103F-16F7-4668-BE54-9A1E7A4F7556}") = "Magi", "Magi\Magi.csproj", "{D49A7DB2-6A71-4D68-9C8C-39384BA11472}"
EndProject
Project("{FAE04EC0-301F-11D3-BF4B-00C04F79EFBC}") = "Magi.Execution", "Magi.Execution\Magi.Execution.csproj", "{4AC71D91-3041-43C6-AEE1-9833744E1049}"
EndProject
Project("{FAE04EC0-301F-11D3-BF4B-00C04F79EFBC}") = "ExecutableVanillaApplication", "ExecutableVanillaApplication\ExecutableVanillaApplication.csproj", "{AAC9B01A-E71A-4566-A1F4-BF5C4B2108D6}"
EndProject
Global
	GlobalSection(SolutionConfigurationPlatforms) = preSolution
		Debug|Any CPU = Debug|Any CPU
		Release|Any CPU = Release|Any CPU
	EndGlobalSection
	GlobalSection(ProjectConfigurationPlatforms) = postSolution
		{D49A7DB2-6A71-4D68-9C8C-39384BA11472}.Debug|Any CPU.ActiveCfg = Debug|Any CPU
		{D49A7DB2-6A71-4D68-9C8C-39384BA11472}.Debug|Any CPU.Build.0 = Debug|Any CPU
		{D49A7DB2-6A71-4D68-9C8C-39384BA11472}.Release|Any CPU.ActiveCfg = Release|Any CPU
		{D49A7DB2-6A71-4D68-9C8C-39384BA11472}.Release|Any CPU.Build.0 = Release|Any CPU
		{4AC71D91-3041-43C6-AEE1-9833744E1049}.Debug|Any CPU.ActiveCfg = Debug|Any CPU
		{4AC71D91-3041-43C6-AEE1-9833744E1049}.Debug|Any CPU.Build.0 = Debug|Any CPU
		{4AC71D91-3041-43C6-AEE1-9833744E1049}.Release|Any CPU.ActiveCfg = Release|Any CPU
		{4AC71D91-3041-43C6-AEE1-9833744E1049}.Release|Any CPU.Build.0 = Release|Any CPU
		{AAC9B01A-E71A-4566-A1F4-BF5C4B2108D6}.Debug|Any CPU.ActiveCfg = Debug|Any CPU
		{AAC9B01A-E71A-4566-A1F4-BF5C4B2108D6}.Debug|Any CPU.Build.0 = Debug|Any CPU
		{AAC9B01A-E71A-4566-A1F4-BF5C4B2108D6}.Release|Any CPU.ActiveCfg = Release|Any CPU
		{AAC9B01A-E71A-4566-A1F4-BF5C4B2108D6}.Release|Any CPU.Build.0 = Release|Any CPU
	EndGlobalSection
	GlobalSection(SolutionProperties) = preSolution
		HideSolutionNode = FALSE
	EndGlobalSection
	GlobalSection(ExtensibilityGlobals) = postSolution
		SolutionGuid = {48232785-A486-440D-8077-0DAFA24658D3}
	EndGlobalSection
EndGlobal
