
Microsoft Visual Studio Solution File, Format Version 12.00
# Visual Studio Version 17
VisualStudioVersion = 17.0.32014.148
MinimumVisualStudioVersion = 10.0.40219.1
Project("{9A19103F-16F7-4668-BE54-9A1E7A4F7556}") = "ExecutableVanillaApplication", "ExecutableVanillaApplication\ExecutableVanillaApplication.csproj", "{AAC9B01A-E71A-4566-A1F4-BF5C4B2108D6}"
EndProject
Project("{9A19103F-16F7-4668-BE54-9A1E7A4F7556}") = "ExecutableVanillaApplication.Example.Console", "ExecutableVanillaApplication.Example.Console\ExecutableVanillaApplication.Example.Console.csproj", "{DC0015FB-E660-413E-99F0-34E3A1664B08}"
EndProject
Project("{FAE04EC0-301F-11D3-BF4B-00C04F79EFBC}") = "ExecutableVanillaApplication.Tests", "ExecutableVanillaApplication.Tests\ExecutableVanillaApplication.Tests.csproj", "{EB2EE0BF-273E-4A0C-852A-35E4665D6860}"
EndProject
Global
	GlobalSection(SolutionConfigurationPlatforms) = preSolution
		Debug|Any CPU = Debug|Any CPU
		Release|Any CPU = Release|Any CPU
	EndGlobalSection
	GlobalSection(ProjectConfigurationPlatforms) = postSolution
		{AAC9B01A-E71A-4566-A1F4-BF5C4B2108D6}.Debug|Any CPU.ActiveCfg = Debug|Any CPU
		{AAC9B01A-E71A-4566-A1F4-BF5C4B2108D6}.Debug|Any CPU.Build.0 = Debug|Any CPU
		{AAC9B01A-E71A-4566-A1F4-BF5C4B2108D6}.Release|Any CPU.ActiveCfg = Release|Any CPU
		{AAC9B01A-E71A-4566-A1F4-BF5C4B2108D6}.Release|Any CPU.Build.0 = Release|Any CPU
		{DC0015FB-E660-413E-99F0-34E3A1664B08}.Debug|Any CPU.ActiveCfg = Debug|Any CPU
		{DC0015FB-E660-413E-99F0-34E3A1664B08}.Debug|Any CPU.Build.0 = Debug|Any CPU
		{DC0015FB-E660-413E-99F0-34E3A1664B08}.Release|Any CPU.ActiveCfg = Release|Any CPU
		{DC0015FB-E660-413E-99F0-34E3A1664B08}.Release|Any CPU.Build.0 = Release|Any CPU
		{EB2EE0BF-273E-4A0C-852A-35E4665D6860}.Debug|Any CPU.ActiveCfg = Debug|Any CPU
		{EB2EE0BF-273E-4A0C-852A-35E4665D6860}.Debug|Any CPU.Build.0 = Debug|Any CPU
		{EB2EE0BF-273E-4A0C-852A-35E4665D6860}.Release|Any CPU.ActiveCfg = Release|Any CPU
		{EB2EE0BF-273E-4A0C-852A-35E4665D6860}.Release|Any CPU.Build.0 = Release|Any CPU
	EndGlobalSection
	GlobalSection(SolutionProperties) = preSolution
		HideSolutionNode = FALSE
	EndGlobalSection
	GlobalSection(ExtensibilityGlobals) = postSolution
		SolutionGuid = {48232785-A486-440D-8077-0DAFA24658D3}
	EndGlobalSection
EndGlobal
